
Microsoft Visual Studio Solution File, Format Version 12.00
# Visual Studio Version 17
VisualStudioVersion = 17.12.35707.178
MinimumVisualStudioVersion = 10.0.40219.1
Project("{FAE04EC0-301F-11D3-BF4B-00C04F79EFBC}") = "ProjektZaliczeniowy2", "ProjektZaliczeniowy2\ProjektZaliczeniowy2.csproj", "{D2A99672-2DB6-4024-B762-5ADC26EF5911}"
EndProject
Project("{FAE04EC0-301F-11D3-BF4B-00C04F79EFBC}") = "TestProject1", "TestProject1\TestProject1.csproj", "{06907FB8-8D3D-4FEE-939F-29E01BF82B2B}"
EndProject
Project("{FAE04EC0-301F-11D3-BF4B-00C04F79EFBC}") = "ProjektZaliczeniowy2.RazorPages", "ProjektZaliczeniowy2.RazorPages\ProjektZaliczeniowy2.RazorPages.csproj", "{49C6ADBE-D938-4630-89C2-21778B2D6906}"
EndProject
Global
	GlobalSection(SolutionConfigurationPlatforms) = preSolution
		Debug|Any CPU = Debug|Any CPU
		Release|Any CPU = Release|Any CPU
	EndGlobalSection
	GlobalSection(ProjectConfigurationPlatforms) = postSolution
		{D2A99672-2DB6-4024-B762-5ADC26EF5911}.Debug|Any CPU.ActiveCfg = Debug|Any CPU
		{D2A99672-2DB6-4024-B762-5ADC26EF5911}.Debug|Any CPU.Build.0 = Debug|Any CPU
		{D2A99672-2DB6-4024-B762-5ADC26EF5911}.Release|Any CPU.ActiveCfg = Release|Any CPU
		{D2A99672-2DB6-4024-B762-5ADC26EF5911}.Release|Any CPU.Build.0 = Release|Any CPU
		{06907FB8-8D3D-4FEE-939F-29E01BF82B2B}.Debug|Any CPU.ActiveCfg = Debug|Any CPU
		{06907FB8-8D3D-4FEE-939F-29E01BF82B2B}.Debug|Any CPU.Build.0 = Debug|Any CPU
		{06907FB8-8D3D-4FEE-939F-29E01BF82B2B}.Release|Any CPU.ActiveCfg = Release|Any CPU
		{06907FB8-8D3D-4FEE-939F-29E01BF82B2B}.Release|Any CPU.Build.0 = Release|Any CPU
		{49C6ADBE-D938-4630-89C2-21778B2D6906}.Debug|Any CPU.ActiveCfg = Debug|Any CPU
		{49C6ADBE-D938-4630-89C2-21778B2D6906}.Debug|Any CPU.Build.0 = Debug|Any CPU
		{49C6ADBE-D938-4630-89C2-21778B2D6906}.Release|Any CPU.ActiveCfg = Release|Any CPU
		{49C6ADBE-D938-4630-89C2-21778B2D6906}.Release|Any CPU.Build.0 = Release|Any CPU
	EndGlobalSection
	GlobalSection(SolutionProperties) = preSolution
		HideSolutionNode = FALSE
	EndGlobalSection
EndGlobal
